{
  "version": 4,
  "terraform_version": "0.13.5",
  "serial": 213,
  "lineage": "19e074eb-21d3-86ad-608a-f9bd0a205752",
  "outputs": {
    "tf_dms_binr": {
      "value": "tf-dms-binr",
      "type": "string"
    },
    "tf_dms_ep_oracle_binr": {
      "value": "ec2-15-164-97-135.ap-northeast-2.compute.amazonaws.com",
      "type": "string"
    },
    "tf_dms_ep_oracle_logm": {
      "value": "ec2-15-164-97-135.ap-northeast-2.compute.amazonaws.com",
      "type": "string"
    },
    "tf_dms_ep_postgres": {
      "value": "ec2-13-124-101-223.ap-northeast-2.compute.amazonaws.com",
      "type": "string"
    },
    "tf_dms_logm": {
      "value": "tf-dms-logm",
      "type": "string"
    },
    "tf_key": {
      "value": "key-025a23f5d8a530b6e",
      "type": "string"
    },
    "tf_oracle_11xe": {
      "value": "i-0cd3f8767d6ebea94",
      "type": "string"
    },
    "tf_postgres": {
      "value": "i-01ce2fcf77422f874",
      "type": "string"
    },
    "tf_sg_pub": {
      "value": "sg-05824c9b6f81e94f2",
      "type": "string"
    }
  },
  "resources": [
    {
      "mode": "data",
      "type": "aws_ami",
      "name": "amazon-linux-2",
      "provider": "provider[\"registry.terraform.io/hashicorp/aws\"]",
      "instances": [
        {
          "schema_version": 0,
          "attributes": {
            "architecture": "x86_64",
            "arn": "arn:aws:ec2:ap-northeast-2::image/ami-0094965d55b3bb1ff",
            "block_device_mappings": [
              {
                "device_name": "/dev/xvda",
                "ebs": {
                  "delete_on_termination": "true",
                  "encrypted": "false",
                  "iops": "0",
                  "snapshot_id": "snap-04ff21cf424dfd29c",
                  "volume_size": "8",
                  "volume_type": "gp2"
                },
                "no_device": "",
                "virtual_name": ""
              }
            ],
            "creation_date": "2020-12-21T22:40:13.000Z",
            "description": "Amazon Linux 2 AMI 2.0.20201218.1 x86_64 HVM gp2",
            "executable_users": null,
            "filter": [
              {
                "name": "name",
                "values": [
                  "amzn2-ami-hvm*"
                ]
              },
              {
                "name": "owner-alias",
                "values": [
                  "amazon"
                ]
              }
            ],
            "hypervisor": "xen",
            "id": "ami-0094965d55b3bb1ff",
            "image_id": "ami-0094965d55b3bb1ff",
            "image_location": "amazon/amzn2-ami-hvm-2.0.20201218.1-x86_64-gp2",
            "image_owner_alias": "amazon",
            "image_type": "machine",
            "kernel_id": null,
            "most_recent": true,
            "name": "amzn2-ami-hvm-2.0.20201218.1-x86_64-gp2",
            "name_regex": null,
            "owner_id": "137112412989",
            "owners": [
              "amazon"
            ],
            "platform": null,
            "product_codes": [],
            "public": true,
            "ramdisk_id": null,
            "root_device_name": "/dev/xvda",
            "root_device_type": "ebs",
            "root_snapshot_id": "snap-04ff21cf424dfd29c",
            "sriov_net_support": "simple",
            "state": "available",
            "state_reason": {
              "code": "UNSET",
              "message": "UNSET"
            },
            "tags": {},
            "virtualization_type": "hvm"
          }
        }
      ]
    },
    {
      "mode": "data",
      "type": "aws_ami",
      "name": "rhel-8",
      "provider": "provider[\"registry.terraform.io/hashicorp/aws\"]",
      "instances": [
        {
          "schema_version": 0,
          "attributes": {
            "architecture": "x86_64",
            "arn": "arn:aws:ec2:ap-northeast-2::image/ami-07270d166cdf39adc",
            "block_device_mappings": [
              {
                "device_name": "/dev/sda1",
                "ebs": {
                  "delete_on_termination": "true",
                  "encrypted": "false",
                  "iops": "0",
                  "snapshot_id": "snap-00ca0dcc3bcb1f4f3",
                  "volume_size": "10",
                  "volume_type": "gp2"
                },
                "no_device": "",
                "virtual_name": ""
              }
            ],
            "creation_date": "2020-11-02T11:57:20.000Z",
            "description": "Provided by Red Hat, Inc.",
            "executable_users": null,
            "filter": [
              {
                "name": "name",
                "values": [
                  "RHEL-8.3.0_HVM-20201031-x86*"
                ]
              }
            ],
            "hypervisor": "xen",
            "id": "ami-07270d166cdf39adc",
            "image_id": "ami-07270d166cdf39adc",
            "image_location": "309956199498/RHEL-8.3.0_HVM-20201031-x86_64-0-Hourly2-GP2",
            "image_owner_alias": null,
            "image_type": "machine",
            "kernel_id": null,
            "most_recent": true,
            "name": "RHEL-8.3.0_HVM-20201031-x86_64-0-Hourly2-GP2",
            "name_regex": null,
            "owner_id": "309956199498",
            "owners": [
              "309956199498"
            ],
            "platform": null,
            "product_codes": [],
            "public": true,
            "ramdisk_id": null,
            "root_device_name": "/dev/sda1",
            "root_device_type": "ebs",
            "root_snapshot_id": "snap-00ca0dcc3bcb1f4f3",
            "sriov_net_support": "simple",
            "state": "available",
            "state_reason": {
              "code": "UNSET",
              "message": "UNSET"
            },
            "tags": {},
            "virtualization_type": "hvm"
          }
        }
      ]
    },
    {
      "mode": "data",
      "type": "aws_ami",
      "name": "ubuntu-20",
      "provider": "provider[\"registry.terraform.io/hashicorp/aws\"]",
      "instances": [
        {
          "schema_version": 0,
          "attributes": {
            "architecture": "x86_64",
            "arn": "arn:aws:ec2:ap-northeast-2::image/ami-007b7745d0725de95",
            "block_device_mappings": [
              {
                "device_name": "/dev/sda1",
                "ebs": {
                  "delete_on_termination": "true",
                  "encrypted": "false",
                  "iops": "0",
                  "snapshot_id": "snap-0068a85769f18d4e7",
                  "volume_size": "8",
                  "volume_type": "gp2"
                },
                "no_device": "",
                "virtual_name": ""
              },
              {
                "device_name": "/dev/sdb",
                "ebs": {},
                "no_device": "",
                "virtual_name": "ephemeral0"
              },
              {
                "device_name": "/dev/sdc",
                "ebs": {},
                "no_device": "",
                "virtual_name": "ephemeral1"
              }
            ],
            "creation_date": "2020-10-27T01:02:25.000Z",
            "description": "Canonical, Ubuntu, 20.04 LTS, amd64 focal image build on 2020-10-26",
            "executable_users": null,
            "filter": [
              {
                "name": "name",
                "values": [
                  "ubuntu/images/hvm-ssd/ubuntu-focal-20.04-amd64-server-20201026*"
                ]
              }
            ],
            "hypervisor": "xen",
            "id": "ami-007b7745d0725de95",
            "image_id": "ami-007b7745d0725de95",
            "image_location": "099720109477/ubuntu/images/hvm-ssd/ubuntu-focal-20.04-amd64-server-20201026",
            "image_owner_alias": null,
            "image_type": "machine",
            "kernel_id": null,
            "most_recent": true,
            "name": "ubuntu/images/hvm-ssd/ubuntu-focal-20.04-amd64-server-20201026",
            "name_regex": null,
            "owner_id": "099720109477",
            "owners": [
              "099720109477"
            ],
            "platform": null,
            "product_codes": [],
            "public": true,
            "ramdisk_id": null,
            "root_device_name": "/dev/sda1",
            "root_device_type": "ebs",
            "root_snapshot_id": "snap-0068a85769f18d4e7",
            "sriov_net_support": "simple",
            "state": "available",
            "state_reason": {
              "code": "UNSET",
              "message": "UNSET"
            },
            "tags": {},
            "virtualization_type": "hvm"
          }
        }
      ]
    },
    {
      "mode": "data",
      "type": "aws_vpc",
      "name": "tf_vpc",
      "provider": "provider[\"registry.terraform.io/hashicorp/aws\"]",
      "instances": [
        {
          "schema_version": 0,
          "attributes": {
            "arn": "arn:aws:ec2:ap-northeast-2:509076023497:vpc/vpc-8711d9ec",
            "cidr_block": "172.31.0.0/16",
            "cidr_block_associations": [
              {
                "association_id": "vpc-cidr-assoc-18032170",
                "cidr_block": "172.31.0.0/16",
                "state": "associated"
              }
            ],
            "default": true,
            "dhcp_options_id": "dopt-19932f72",
            "enable_dns_hostnames": true,
            "enable_dns_support": true,
            "filter": null,
            "id": "vpc-8711d9ec",
            "instance_tenancy": "default",
            "ipv6_association_id": null,
            "ipv6_cidr_block": null,
            "main_route_table_id": "rtb-b35ecfd8",
            "owner_id": "509076023497",
            "state": "available",
            "tags": {
              "Name": "onprem"
            }
          }
        }
      ]
    },
    {
      "mode": "managed",
      "type": "aws_dms_endpoint",
      "name": "tf_dms_ep_oracle_binr",
      "provider": "provider[\"registry.terraform.io/hashicorp/aws\"]",
      "instances": [
        {
          "schema_version": 0,
          "attributes": {
            "certificate_arn": "",
            "database_name": "xe",
            "elasticsearch_settings": [],
            "endpoint_arn": "arn:aws:dms:ap-northeast-2:509076023497:endpoint:V2DNANDCMPAUEJEPOMI7RK455R63FX5Z2II4VXQ",
            "endpoint_id": "tf-dms-ep-oracle-binr",
            "endpoint_type": "source",
            "engine_name": "oracle",
            "extra_connection_attributes": "useLogminerReader=N; useBfile=Y",
            "id": "tf-dms-ep-oracle-binr",
            "kafka_settings": [],
            "kinesis_settings": [],
            "kms_key_arn": "arn:aws:kms:ap-northeast-2:509076023497:key/18c001e5-1e1a-4231-9fd7-5fe7453efa29",
            "mongodb_settings": [],
            "password": "manager",
            "port": 1521,
            "s3_settings": [],
            "server_name": "ec2-15-164-97-135.ap-northeast-2.compute.amazonaws.com",
            "service_access_role": null,
            "ssl_mode": "none",
            "tags": {},
            "username": "system"
          },
          "private": "bnVsbA==",
          "dependencies": [
            "aws_instance.tf_oracle_11xe"
          ]
        }
      ]
    },
    {
      "mode": "managed",
      "type": "aws_dms_endpoint",
      "name": "tf_dms_ep_oracle_logm",
      "provider": "provider[\"registry.terraform.io/hashicorp/aws\"]",
      "instances": [
        {
          "schema_version": 0,
          "attributes": {
            "certificate_arn": "",
            "database_name": "xe",
            "elasticsearch_settings": [],
            "endpoint_arn": "arn:aws:dms:ap-northeast-2:509076023497:endpoint:DOJD2CFROPN5GDDV3YN7FRX4IWRYVNPM5U44ZSQ",
            "endpoint_id": "tf-dms-ep-oracle-logm",
            "endpoint_type": "source",
            "engine_name": "oracle",
            "extra_connection_attributes": "",
            "id": "tf-dms-ep-oracle-logm",
            "kafka_settings": [],
            "kinesis_settings": [],
            "kms_key_arn": "arn:aws:kms:ap-northeast-2:509076023497:key/18c001e5-1e1a-4231-9fd7-5fe7453efa29",
            "mongodb_settings": [],
            "password": "manager",
            "port": 1521,
            "s3_settings": [],
            "server_name": "ec2-15-164-97-135.ap-northeast-2.compute.amazonaws.com",
            "service_access_role": null,
            "ssl_mode": "none",
            "tags": {},
            "username": "system"
          },
          "private": "bnVsbA==",
          "dependencies": [
            "aws_instance.tf_oracle_11xe"
          ]
        }
      ]
    },
    {
      "mode": "managed",
      "type": "aws_dms_endpoint",
      "name": "tf_dms_ep_postgres",
      "provider": "provider[\"registry.terraform.io/hashicorp/aws\"]",
      "instances": [
        {
          "schema_version": 0,
          "attributes": {
            "certificate_arn": "",
            "database_name": "shop_db",
            "elasticsearch_settings": [],
            "endpoint_arn": "arn:aws:dms:ap-northeast-2:509076023497:endpoint:RS4XDW6COC5KECQJ56XERC7OETHHKLXLS5AZ7HI",
            "endpoint_id": "tf-dms-ep-postgres",
            "endpoint_type": "target",
            "engine_name": "postgres",
            "extra_connection_attributes": "",
            "id": "tf-dms-ep-postgres",
            "kafka_settings": [],
            "kinesis_settings": [],
            "kms_key_arn": "arn:aws:kms:ap-northeast-2:509076023497:key/18c001e5-1e1a-4231-9fd7-5fe7453efa29",
            "mongodb_settings": [],
            "password": "shop",
            "port": 5432,
            "s3_settings": [],
            "server_name": "ec2-13-124-101-223.ap-northeast-2.compute.amazonaws.com",
            "service_access_role": null,
            "ssl_mode": "none",
            "tags": {},
            "username": "shop"
          },
          "private": "bnVsbA==",
          "dependencies": [
            "aws_instance.tf_postgres"
          ]
        }
      ]
    },
    {
      "mode": "managed",
      "type": "aws_dms_replication_instance",
      "name": "tf_dms_binr",
      "provider": "provider[\"registry.terraform.io/hashicorp/aws\"]",
      "instances": [
        {
          "schema_version": 0,
          "attributes": {
            "allocated_storage": 50,
            "allow_major_version_upgrade": null,
            "apply_immediately": true,
            "auto_minor_version_upgrade": false,
            "availability_zone": "ap-northeast-2a",
            "engine_version": "3.4.3",
            "id": "tf-dms-binr",
            "kms_key_arn": "arn:aws:kms:ap-northeast-2:509076023497:key/18c001e5-1e1a-4231-9fd7-5fe7453efa29",
            "multi_az": false,
            "preferred_maintenance_window": "mon:12:53-mon:13:23",
            "publicly_accessible": true,
            "replication_instance_arn": "arn:aws:dms:ap-northeast-2:509076023497:rep:TH6U4MAFLDCEYK32QEP576KA7OU6NNGMJG2KB4Y",
            "replication_instance_class": "dms.t3.medium",
            "replication_instance_id": "tf-dms-binr",
            "replication_instance_private_ips": [
              "172.31.5.104"
            ],
            "replication_instance_public_ips": [
              "52.78.97.232"
            ],
            "replication_subnet_group_id": "default",
            "tags": {},
            "timeouts": null,
            "vpc_security_group_ids": [
              "sg-74bc8f15"
            ]
          },
          "private": "eyJlMmJmYjczMC1lY2FhLTExZTYtOGY4OC0zNDM2M2JjN2M0YzAiOnsiY3JlYXRlIjoxODAwMDAwMDAwMDAwLCJkZWxldGUiOjE4MDAwMDAwMDAwMDAsInVwZGF0ZSI6MTgwMDAwMDAwMDAwMH19"
        }
      ]
    },
    {
      "mode": "managed",
      "type": "aws_dms_replication_instance",
      "name": "tf_dms_logm",
      "provider": "provider[\"registry.terraform.io/hashicorp/aws\"]",
      "instances": [
        {
          "schema_version": 0,
          "attributes": {
            "allocated_storage": 50,
            "allow_major_version_upgrade": null,
            "apply_immediately": true,
            "auto_minor_version_upgrade": false,
            "availability_zone": "ap-northeast-2a",
            "engine_version": "3.4.3",
            "id": "tf-dms-logm",
            "kms_key_arn": "arn:aws:kms:ap-northeast-2:509076023497:key/18c001e5-1e1a-4231-9fd7-5fe7453efa29",
            "multi_az": false,
            "preferred_maintenance_window": "sun:08:41-sun:09:11",
            "publicly_accessible": true,
            "replication_instance_arn": "arn:aws:dms:ap-northeast-2:509076023497:rep:P7NWOF5337SFTWPPSSELHG2FZMJBTS2KK4MKGLY",
            "replication_instance_class": "dms.t3.medium",
            "replication_instance_id": "tf-dms-logm",
            "replication_instance_private_ips": [
              "172.31.10.101"
            ],
            "replication_instance_public_ips": [
              "13.124.146.121"
            ],
            "replication_subnet_group_id": "default",
            "tags": {},
            "timeouts": null,
            "vpc_security_group_ids": [
              "sg-74bc8f15"
            ]
          },
          "private": "eyJlMmJmYjczMC1lY2FhLTExZTYtOGY4OC0zNDM2M2JjN2M0YzAiOnsiY3JlYXRlIjoxODAwMDAwMDAwMDAwLCJkZWxldGUiOjE4MDAwMDAwMDAwMDAsInVwZGF0ZSI6MTgwMDAwMDAwMDAwMH19"
        }
      ]
    },
    {
      "mode": "managed",
      "type": "aws_instance",
      "name": "tf_loadgen",
      "provider": "provider[\"registry.terraform.io/hashicorp/aws\"]",
      "instances": [
        {
          "schema_version": 1,
          "attributes": {
            "ami": "ami-0094965d55b3bb1ff",
            "arn": "arn:aws:ec2:ap-northeast-2:509076023497:instance/i-0a4a546b7d04ab024",
            "associate_public_ip_address": true,
            "availability_zone": "ap-northeast-2c",
            "cpu_core_count": 4,
            "cpu_threads_per_core": 1,
            "credit_specification": [
              {
                "cpu_credits": "standard"
              }
            ],
            "disable_api_termination": false,
            "ebs_block_device": [],
            "ebs_optimized": false,
            "enclave_options": [
              {
                "enabled": false
              }
            ],
            "ephemeral_block_device": [],
            "get_password_data": false,
            "hibernation": false,
            "host_id": null,
            "iam_instance_profile": "",
            "id": "i-0a4a546b7d04ab024",
            "instance_initiated_shutdown_behavior": null,
            "instance_state": "running",
            "instance_type": "t2.xlarge",
            "ipv6_address_count": 0,
            "ipv6_addresses": [],
            "key_name": "tf_key",
            "metadata_options": [
              {
                "http_endpoint": "enabled",
                "http_put_response_hop_limit": 1,
                "http_tokens": "optional"
              }
            ],
            "monitoring": true,
            "network_interface": [],
            "outpost_arn": "",
            "password_data": "",
            "placement_group": "",
            "primary_network_interface_id": "eni-00e5b8dd512794f61",
            "private_dns": "ip-172-31-44-39.ap-northeast-2.compute.internal",
            "private_ip": "172.31.44.39",
            "public_dns": "ec2-54-180-85-250.ap-northeast-2.compute.amazonaws.com",
            "public_ip": "54.180.85.250",
            "root_block_device": [
              {
                "delete_on_termination": true,
                "device_name": "/dev/xvda",
                "encrypted": false,
                "iops": 100,
                "kms_key_id": "",
                "throughput": 0,
                "volume_id": "vol-0351dc47cd12572b8",
                "volume_size": 30,
                "volume_type": "gp2"
              }
            ],
            "secondary_private_ips": [],
            "security_groups": [
              "tf_sg_pub"
            ],
            "source_dest_check": true,
            "subnet_id": "subnet-77b39d3b",
            "tags": {
              "Name": "tf_loadgen"
            },
            "tenancy": "default",
            "timeouts": null,
            "user_data": "0e81d259c90337f64282df5fce0e471e24a42a1a",
            "user_data_base64": null,
            "volume_tags": {},
            "vpc_security_group_ids": [
              "sg-05824c9b6f81e94f2"
            ]
          },
          "private": "eyJlMmJmYjczMC1lY2FhLTExZTYtOGY4OC0zNDM2M2JjN2M0YzAiOnsiY3JlYXRlIjo2MDAwMDAwMDAwMDAsImRlbGV0ZSI6MTIwMDAwMDAwMDAwMCwidXBkYXRlIjo2MDAwMDAwMDAwMDB9LCJzY2hlbWFfdmVyc2lvbiI6IjEifQ==",
          "dependencies": [
            "aws_key_pair.tf_key",
            "aws_security_group.tf_sg_pub",
            "data.aws_ami.amazon-linux-2"
          ]
        }
      ]
    },
    {
      "mode": "managed",
      "type": "aws_instance",
      "name": "tf_oracle_11xe",
      "provider": "provider[\"registry.terraform.io/hashicorp/aws\"]",
      "instances": [
        {
          "schema_version": 1,
          "attributes": {
            "ami": "ami-007b7745d0725de95",
            "arn": "arn:aws:ec2:ap-northeast-2:509076023497:instance/i-0cd3f8767d6ebea94",
            "associate_public_ip_address": true,
            "availability_zone": "ap-northeast-2c",
            "cpu_core_count": 4,
            "cpu_threads_per_core": 1,
            "credit_specification": [
              {
                "cpu_credits": "standard"
              }
            ],
            "disable_api_termination": false,
            "ebs_block_device": [],
            "ebs_optimized": false,
            "enclave_options": [
              {
                "enabled": false
              }
            ],
            "ephemeral_block_device": [],
            "get_password_data": false,
            "hibernation": false,
            "host_id": null,
            "iam_instance_profile": "",
            "id": "i-0cd3f8767d6ebea94",
            "instance_initiated_shutdown_behavior": null,
            "instance_state": "running",
            "instance_type": "t2.xlarge",
            "ipv6_address_count": 0,
            "ipv6_addresses": [],
            "key_name": "tf_key",
            "metadata_options": [
              {
                "http_endpoint": "enabled",
                "http_put_response_hop_limit": 1,
                "http_tokens": "optional"
              }
            ],
            "monitoring": true,
            "network_interface": [],
            "outpost_arn": "",
            "password_data": "",
            "placement_group": "",
            "primary_network_interface_id": "eni-0d2b79988daabdffc",
            "private_dns": "ip-172-31-32-20.ap-northeast-2.compute.internal",
            "private_ip": "172.31.32.20",
            "public_dns": "ec2-15-164-97-135.ap-northeast-2.compute.amazonaws.com",
            "public_ip": "15.164.97.135",
            "root_block_device": [
              {
                "delete_on_termination": true,
                "device_name": "/dev/sda1",
                "encrypted": false,
                "iops": 300,
                "kms_key_id": "",
                "throughput": 0,
                "volume_id": "vol-00242e66814465399",
                "volume_size": 100,
                "volume_type": "gp2"
              }
            ],
            "secondary_private_ips": [],
            "security_groups": [
              "tf_sg_pub"
            ],
            "source_dest_check": true,
            "subnet_id": "subnet-77b39d3b",
            "tags": {
              "Name": "tf_oracle_11xe"
            },
            "tenancy": "default",
            "timeouts": null,
            "user_data": "eb0722c6bbf7cb9cf24ab5cedd2e31b5eef00b4f",
            "user_data_base64": null,
            "volume_tags": {},
            "vpc_security_group_ids": [
              "sg-05824c9b6f81e94f2"
            ]
          },
          "private": "eyJlMmJmYjczMC1lY2FhLTExZTYtOGY4OC0zNDM2M2JjN2M0YzAiOnsiY3JlYXRlIjo2MDAwMDAwMDAwMDAsImRlbGV0ZSI6MTIwMDAwMDAwMDAwMCwidXBkYXRlIjo2MDAwMDAwMDAwMDB9LCJzY2hlbWFfdmVyc2lvbiI6IjEifQ==",
          "dependencies": [
            "aws_key_pair.tf_key",
            "aws_security_group.tf_sg_pub",
            "data.aws_ami.ubuntu-20"
          ]
        }
      ]
    },
    {
      "mode": "managed",
      "type": "aws_instance",
      "name": "tf_postgres",
      "provider": "provider[\"registry.terraform.io/hashicorp/aws\"]",
      "instances": [
        {
          "schema_version": 1,
          "attributes": {
            "ami": "ami-0094965d55b3bb1ff",
            "arn": "arn:aws:ec2:ap-northeast-2:509076023497:instance/i-01ce2fcf77422f874",
            "associate_public_ip_address": true,
            "availability_zone": "ap-northeast-2c",
            "cpu_core_count": 4,
            "cpu_threads_per_core": 1,
            "credit_specification": [
              {
                "cpu_credits": "standard"
              }
            ],
            "disable_api_termination": false,
            "ebs_block_device": [],
            "ebs_optimized": false,
            "enclave_options": [
              {
                "enabled": false
              }
            ],
            "ephemeral_block_device": [],
            "get_password_data": false,
            "hibernation": false,
            "host_id": null,
            "iam_instance_profile": "",
            "id": "i-01ce2fcf77422f874",
            "instance_initiated_shutdown_behavior": null,
            "instance_state": "running",
            "instance_type": "t2.xlarge",
            "ipv6_address_count": 0,
            "ipv6_addresses": [],
            "key_name": "tf_key",
            "metadata_options": [
              {
                "http_endpoint": "enabled",
                "http_put_response_hop_limit": 1,
                "http_tokens": "optional"
              }
            ],
            "monitoring": true,
            "network_interface": [],
            "outpost_arn": "",
            "password_data": "",
            "placement_group": "",
            "primary_network_interface_id": "eni-0aca827c9956ab6d5",
            "private_dns": "ip-172-31-42-82.ap-northeast-2.compute.internal",
            "private_ip": "172.31.42.82",
            "public_dns": "ec2-13-124-101-223.ap-northeast-2.compute.amazonaws.com",
            "public_ip": "13.124.101.223",
            "root_block_device": [
              {
                "delete_on_termination": true,
                "device_name": "/dev/xvda",
                "encrypted": false,
                "iops": 300,
                "kms_key_id": "",
                "throughput": 0,
                "volume_id": "vol-0c45c85ed02c2203c",
                "volume_size": 100,
                "volume_type": "gp2"
              }
            ],
            "secondary_private_ips": [],
            "security_groups": [
              "tf_sg_pub"
            ],
            "source_dest_check": true,
            "subnet_id": "subnet-77b39d3b",
            "tags": {
              "Name": "tf_postgres"
            },
            "tenancy": "default",
            "timeouts": null,
            "user_data": "25b60c8da2a3cc7ee80924ec0caa78b79231d2c1",
            "user_data_base64": null,
            "volume_tags": {},
            "vpc_security_group_ids": [
              "sg-05824c9b6f81e94f2"
            ]
          },
          "private": "eyJlMmJmYjczMC1lY2FhLTExZTYtOGY4OC0zNDM2M2JjN2M0YzAiOnsiY3JlYXRlIjo2MDAwMDAwMDAwMDAsImRlbGV0ZSI6MTIwMDAwMDAwMDAwMCwidXBkYXRlIjo2MDAwMDAwMDAwMDB9LCJzY2hlbWFfdmVyc2lvbiI6IjEifQ==",
          "dependencies": [
            "aws_key_pair.tf_key",
            "aws_security_group.tf_sg_pub",
            "data.aws_ami.amazon-linux-2"
          ]
        }
      ]
    },
    {
      "mode": "managed",
      "type": "aws_key_pair",
      "name": "tf_key",
      "provider": "provider[\"registry.terraform.io/hashicorp/aws\"]",
      "instances": [
        {
          "schema_version": 1,
          "attributes": {
            "arn": "arn:aws:ec2:ap-northeast-2:509076023497:key-pair/tf_key",
            "fingerprint": "c7:8d:87:86:05:18:5b:2c:63:25:d8:de:98:e5:b9:21",
            "id": "tf_key",
            "key_name": "tf_key",
            "key_name_prefix": null,
            "key_pair_id": "key-025a23f5d8a530b6e",
            "public_key": "ssh-rsa AAAAB3NzaC1yc2EAAAADAQABAAACAQCgnlk3mOR+HSQYAUbWR5oN65OiBH2GloZRIRm1aQv9ritHPfmpM2dj29vYytxztHa+ot92hSvTgTXv8HxAKpbjix5rTEMLsQv64jZ1cn9PZI6aGY0oGKy6z4Z4GMqDgX1yP3KSG627dxT27xMZsmD8pOosg1vhW1Whoz2Fcoda1HcGB+be+cxi5hQvK3ARM5Spr3eb8IYObOIiI08k+pYRFV0grkN3GFgl4H8FQZkcWwWweoHDWisMcGGO0pcH0iz9genJTTkdXbiFvOLgWGuArdQKYS3DVZl3TDCxG5b7OUe/eXuAAcKLwIhJYV88QBnXcmeR4dKct8JlaZgcuZtx0C2gU1cUeEibwl2Bc6nphQ44WoBl0XCfiT/8EQXJGGVL+nlCczry9OqZfxzAhNH8ggdzKl4battGzeaBHtGHgsh34Oj6fMPUjqmKJYgjXzwEDoBvUIeb3pY6O+Ze6C7Jebe9UIMA2HNYoJSYkBdrS//jZ/Jy6FtjiOytsTS0Ek4Y3ScwndnzcqAxFio/KygAJmrx+Tbv1PcdLsFxZV6ReRLgouaMdslxBWgbTXfqlOoxgmkmBUVJ9txbK8GVTpMu20EP1sF8Rx2RgOrl9VZFxmYFREf3FQJa8xeBFVhRLF0KudPcMh5Ptce8akvyalyU9JbR9x+F7YAiDcW19JT5Zw== soonbeom@f8ffc2077dc2.ant.amazon.com",
            "tags": {}
          },
          "private": "eyJzY2hlbWFfdmVyc2lvbiI6IjEifQ=="
        }
      ]
    },
    {
      "mode": "managed",
      "type": "aws_security_group",
      "name": "tf_sg_pub",
      "provider": "provider[\"registry.terraform.io/hashicorp/aws\"]",
      "instances": [
        {
          "schema_version": 1,
          "attributes": {
            "arn": "arn:aws:ec2:ap-northeast-2:509076023497:security-group/sg-05824c9b6f81e94f2",
            "description": "Managed by Terraform",
            "egress": [
              {
                "cidr_blocks": [
                  "0.0.0.0/0"
                ],
                "description": "",
                "from_port": 0,
                "ipv6_cidr_blocks": [],
                "prefix_list_ids": [],
                "protocol": "-1",
                "security_groups": [],
                "self": false,
                "to_port": 0
              }
            ],
            "id": "sg-05824c9b6f81e94f2",
            "ingress": [
              {
                "cidr_blocks": [
                  "0.0.0.0/0"
                ],
                "description": "ssh",
                "from_port": 22,
                "ipv6_cidr_blocks": [],
                "prefix_list_ids": [],
                "protocol": "tcp",
                "security_groups": [],
                "self": false,
                "to_port": 22
              },
              {
                "cidr_blocks": [
                  "218.238.107.0/24",
                  "172.31.0.0/16"
                ],
                "description": "oracle",
                "from_port": 1521,
                "ipv6_cidr_blocks": [],
                "prefix_list_ids": [
                  "pl-e1a54088"
                ],
                "protocol": "tcp",
                "security_groups": [],
                "self": false,
                "to_port": 1521
              },
              {
                "cidr_blocks": [
                  "218.238.107.0/24",
                  "172.31.0.0/16"
                ],
                "description": "postgres",
                "from_port": 5432,
                "ipv6_cidr_blocks": [],
                "prefix_list_ids": [
                  "pl-e1a54088"
                ],
                "protocol": "tcp",
                "security_groups": [],
                "self": false,
                "to_port": 5432
              }
            ],
            "name": "tf_sg_pub",
            "name_prefix": "",
            "owner_id": "509076023497",
            "revoke_rules_on_delete": false,
            "tags": {
              "Name": "tf_sg_pub"
            },
            "timeouts": null,
            "vpc_id": "vpc-8711d9ec"
          },
          "private": "eyJlMmJmYjczMC1lY2FhLTExZTYtOGY4OC0zNDM2M2JjN2M0YzAiOnsiY3JlYXRlIjo2MDAwMDAwMDAwMDAsImRlbGV0ZSI6NjAwMDAwMDAwMDAwfSwic2NoZW1hX3ZlcnNpb24iOiIxIn0=",
          "dependencies": [
            "data.aws_vpc.tf_vpc"
          ]
        }
      ]
    }
  ]
}
